schema: '2.0'
stages:
  _check-env-for-results:
    cmd: calkit check environment --name for-results
    deps:
    - path: notebooks/for_results/requirements.txt
      hash: md5
      md5: de0343b5fadbedfe668cd692256e9a7d
      size: 1053
    outs:
    - path: .calkit/env-locks/for-results.txt
      hash: md5
      md5: 48d77317a55c16949681de99559a93ee
      size: 1424
  _clean-nb-download-data:
    cmd: calkit nb clean "notebooks/for_results/2-download-data.ipynb"
    deps:
    - path: notebooks/for_results/2-download-data.ipynb
      hash: md5
      md5: 1fa53035273bc1850c7f08a25d789538
      size: 2173
    outs:
    - path: 
        .calkit/notebooks/cleaned/notebooks/for_results/2-download-data.ipynb
      hash: md5
      md5: bffd67bc3412f726fceec141d5642f2b
      size: 1606
  _check-env-download-data:
    cmd: calkit check environment --name download-data
    deps:
    - path: .calkit/envs/download-data.txt
      hash: md5
      md5: a886f9a365f14a7e55ef19c790621fae
      size: 16
    outs:
    - path: .calkit/env-locks/download-data.txt
      hash: md5
      md5: 54111093495ef9846457747b8b898c6a
      size: 229
  download-data:
    cmd: calkit nb execute --environment for-results --no-check --to html 
      "notebooks/for_results/2-download-data.ipynb"
    deps:
    - path: .calkit/env-locks/for-results.txt
      hash: md5
      md5: 48d77317a55c16949681de99559a93ee
      size: 1424
    - path: 
        .calkit/notebooks/cleaned/notebooks/for_results/2-download-data.ipynb
      hash: md5
      md5: bffd67bc3412f726fceec141d5642f2b
      size: 1606
    outs:
    - path: 
        .calkit/notebooks/executed/notebooks/for_results/2-download-data.ipynb
      hash: md5
      md5: 206baeed1c13f4915b61e0c56068303e
      size: 3740
    - path: .calkit/notebooks/html/notebooks/for_results/2-download-data.html
      hash: md5
      md5: 37303f27e13d597b696cb4336449e581
      size: 274043
    - path: notebooks/for_results/data/rl4fisheries-reproducing
      hash: md5
      md5: 2748c3ef0dbf2bb53c6f77ae8d9cb957.dir
      size: 1598598
      nfiles: 6
  _check-env-main:
    cmd: calkit check environment --name main
    deps:
    - path: pyproject.toml
      hash: md5
      md5: 5dd453ff0ca348e9886637f09683ce6a
      size: 588
    outs:
    - path: uv.lock
      hash: md5
      md5: 22290e615ba613a687a87def94b859b3
      size: 208529
  _clean-nb-tests:
    cmd: calkit nb clean "notebooks/for_generating_results/0_tests.ipynb"
    deps:
    - path: notebooks/for_generating_results/0_tests.ipynb
      hash: md5
      md5: 5fb21961c543b440b5a80077590ab1dc
      size: 3626
    outs:
    - path: 
        .calkit/notebooks/cleaned/notebooks/for_generating_results/0_tests.ipynb
      hash: md5
      md5: 977b745f5c4f6b6044af3083e73e576e
      size: 1892
  tests:
    cmd: calkit nb execute --environment main --no-check --to html 
      "notebooks/for_generating_results/0_tests.ipynb"
    deps:
    - path: 
        .calkit/notebooks/cleaned/notebooks/for_generating_results/0_tests.ipynb
      hash: md5
      md5: 977b745f5c4f6b6044af3083e73e576e
      size: 1892
    - path: src
      hash: md5
      md5: c9e5d494e3e18efc2cb7964d5e3c8724.dir
      size: 52560
      nfiles: 20
    - path: uv.lock
      hash: md5
      md5: 22290e615ba613a687a87def94b859b3
      size: 208529
    outs:
    - path: 
        .calkit/notebooks/executed/notebooks/for_generating_results/0_tests.ipynb
      hash: md5
      md5: 8b251239b17c1f82a190e22ccc4a918e
      size: 5916
    - path: .calkit/notebooks/html/notebooks/for_generating_results/0_tests.html
      hash: md5
      md5: 9ba5815e1c92c8c8ed94e5d7a973f86e
      size: 275965
  _clean-nb-fp-skopt:
    cmd: calkit nb clean "notebooks/for_generating_results/1_fp_skopt.ipynb"
    deps:
    - path: notebooks/for_generating_results/1_fp_skopt.ipynb
      hash: md5
      md5: dc25e23e093dd37b6158ee3de4a2d4bc
      size: 447079
    outs:
    - path: 
        .calkit/notebooks/cleaned/notebooks/for_generating_results/1_fp_skopt.ipynb
      hash: md5
      md5: 5f5f7548710ba88a840329ce02a7d992
      size: 5686
  fp-skopt:
    cmd: calkit nb execute --environment main --no-check --to html 
      "notebooks/for_generating_results/1_fp_skopt.ipynb"
    deps:
    - path: 
        .calkit/notebooks/cleaned/notebooks/for_generating_results/1_fp_skopt.ipynb
      hash: md5
      md5: 5f5f7548710ba88a840329ce02a7d992
      size: 5686
    - path: uv.lock
      hash: md5
      md5: 22290e615ba613a687a87def94b859b3
      size: 208529
    outs:
    - path: 
        .calkit/notebooks/executed/notebooks/for_generating_results/1_fp_skopt.ipynb
      hash: md5
      md5: 360c2908eaa28a1d986ee68a46f54afd
      size: 416060
    - path: 
        .calkit/notebooks/html/notebooks/for_generating_results/1_fp_skopt.html
      hash: md5
      md5: 2a817903803f734714c4d435adcb7352
      size: 695415
    - path: notebooks/for_generating_results/csv/opt-params.csv
      hash: md5
      md5: eb1b9523c1510eccf73e7d58ceee775a
      size: 484
  _clean-nb-reward-distr:
    cmd: calkit nb clean "notebooks/for_generating_results/2_reward_distr.ipynb"
    deps:
    - path: notebooks/for_generating_results/2_reward_distr.ipynb
      hash: md5
      md5: 62181e9c6c142c9c314e9d27e02956ff
      size: 42919
    outs:
    - path: 
        .calkit/notebooks/cleaned/notebooks/for_generating_results/2_reward_distr.ipynb
      hash: md5
      md5: 550bcce7d1d3cacf62aeb52f203d0b78
      size: 41166
  reward-distr:
    cmd: calkit nb execute --environment main --no-check --to html 
      "notebooks/for_generating_results/2_reward_distr.ipynb"
    deps:
    - path: 
        .calkit/notebooks/cleaned/notebooks/for_generating_results/2_reward_distr.ipynb
      hash: md5
      md5: 550bcce7d1d3cacf62aeb52f203d0b78
      size: 41166
    - path: src
      hash: md5
      md5: c9e5d494e3e18efc2cb7964d5e3c8724.dir
      size: 52560
      nfiles: 20
    - path: uv.lock
      hash: md5
      md5: 22290e615ba613a687a87def94b859b3
      size: 208529
    outs:
    - path: 
        .calkit/notebooks/executed/notebooks/for_generating_results/2_reward_distr.ipynb
      hash: md5
      md5: e9360e3503af9038ace4a735617a23c1
      size: 61303
    - path: 
        .calkit/notebooks/html/notebooks/for_generating_results/2_reward_distr.html
      hash: md5
      md5: 4394e93ba1b37fe7e7c465c6e6595188
      size: 423724
    - path: notebooks/for_generating_results/csv/UM1_rew.csv
      hash: md5
      md5: 46e362190e24e837a49b066613b1553e
      size: 102251
    - path: notebooks/for_generating_results/csv/UM2_rew.csv
      hash: md5
      md5: 9f42f502a1ba60dc831de99c41bb7d15
      size: 103092
    - path: notebooks/for_generating_results/csv/UM3_rew.csv
      hash: md5
      md5: 1badeac03dfbf2d7c43ce99cacaea332
      size: 102166
  _clean-nb-policy-plots:
    cmd: calkit nb clean "notebooks/for_generating_results/3_policy_plots.ipynb"
    deps:
    - path: notebooks/for_generating_results/3_policy_plots.ipynb
      hash: md5
      md5: 570d8ec066bce6bb3d38db25ca53dea2
      size: 47265
    outs:
    - path: 
        .calkit/notebooks/cleaned/notebooks/for_generating_results/3_policy_plots.ipynb
      hash: md5
      md5: 0ed4ec6bd6da61a74fff4a8837bb07ae
      size: 41542
  policy-plots:
    cmd: calkit nb execute --environment main --no-check --to html 
      "notebooks/for_generating_results/3_policy_plots.ipynb"
    deps:
    - path: 
        .calkit/notebooks/cleaned/notebooks/for_generating_results/3_policy_plots.ipynb
      hash: md5
      md5: 0ed4ec6bd6da61a74fff4a8837bb07ae
      size: 41542
    - path: src
      hash: md5
      md5: c9e5d494e3e18efc2cb7964d5e3c8724.dir
      size: 52560
      nfiles: 20
    - path: uv.lock
      hash: md5
      md5: 22290e615ba613a687a87def94b859b3
      size: 208529
    outs:
    - path: 
        .calkit/notebooks/executed/notebooks/for_generating_results/3_policy_plots.ipynb
      hash: md5
      md5: 2f70a03724491e4d5530204607ca2c8e
      size: 64773
    - path: 
        .calkit/notebooks/html/notebooks/for_generating_results/3_policy_plots.html
      hash: md5
      md5: 42303c4d17ebdfa9d6efca9e549328e4
      size: 421868
    - path: notebooks/for_generating_results/csv/UM1_policies.csv
      hash: md5
      md5: 23da54166578b3567ae0f20aedd50dd6
      size: 386328
    - path: notebooks/for_generating_results/csv/UM2_policies.csv
      hash: md5
      md5: 978165bc081fd4d64b5c9957a5cd48f0
      size: 397430
    - path: notebooks/for_generating_results/csv/UM3_policies.csv
      hash: md5
      md5: 8cd157ce38032f34173719e7a173f6b8
      size: 382322
  _clean-nb-episode-plots:
    cmd: calkit nb clean 
      "notebooks/for_generating_results/4_episode_plots.ipynb"
    deps:
    - path: notebooks/for_generating_results/4_episode_plots.ipynb
      hash: md5
      md5: ae8df3d29c41060d8e46472b7361b65d
      size: 105114
    outs:
    - path: 
        .calkit/notebooks/cleaned/notebooks/for_generating_results/4_episode_plots.ipynb
      hash: md5
      md5: 3cf0d5fe95d2b35045dc5716cca7d96c
      size: 26300
  episode-plots:
    cmd: calkit nb execute --environment main --no-check --to html 
      "notebooks/for_generating_results/4_episode_plots.ipynb"
    deps:
    - path: 
        .calkit/notebooks/cleaned/notebooks/for_generating_results/4_episode_plots.ipynb
      hash: md5
      md5: 3cf0d5fe95d2b35045dc5716cca7d96c
      size: 26300
    - path: src
      hash: md5
      md5: c9e5d494e3e18efc2cb7964d5e3c8724.dir
      size: 52560
      nfiles: 20
    - path: uv.lock
      hash: md5
      md5: 22290e615ba613a687a87def94b859b3
      size: 208529
    outs:
    - path: 
        .calkit/notebooks/executed/notebooks/for_generating_results/4_episode_plots.ipynb
      hash: md5
      md5: e685387e3e47c630d029f7bcdc464bd3
      size: 108302
    - path: 
        .calkit/notebooks/html/notebooks/for_generating_results/4_episode_plots.html
      hash: md5
      md5: 4cdbfb37d48be05b459a7e6467919954
      size: 425090
    - path: notebooks/for_generating_results/csv/eps-v2
      hash: md5
      md5: 440f5ca2b5c9ec79044a1772fb8e9e4f.dir
      size: 773854
      nfiles: 30
  _clean-nb-stochasticity:
    cmd: calkit nb clean 
      "notebooks/for_generating_results/5_stochasticity.ipynb"
    deps:
    - path: notebooks/for_generating_results/5_stochasticity.ipynb
      hash: md5
      md5: a03fb50f678ca02096943279f1251f68
      size: 271014
    outs:
    - path: 
        .calkit/notebooks/cleaned/notebooks/for_generating_results/5_stochasticity.ipynb
      hash: md5
      md5: a7eef2311d32d91234d7b12574c85b1a
      size: 4236
  stochasticity:
    cmd: calkit nb execute --environment main --no-check --to html 
      "notebooks/for_generating_results/5_stochasticity.ipynb"
    deps:
    - path: 
        .calkit/notebooks/cleaned/notebooks/for_generating_results/5_stochasticity.ipynb
      hash: md5
      md5: a7eef2311d32d91234d7b12574c85b1a
      size: 4236
    - path: src
      hash: md5
      md5: c9e5d494e3e18efc2cb7964d5e3c8724.dir
      size: 52560
      nfiles: 20
    - path: uv.lock
      hash: md5
      md5: 22290e615ba613a687a87def94b859b3
      size: 208529
    outs:
    - path: 
        .calkit/notebooks/executed/notebooks/for_generating_results/5_stochasticity.ipynb
      hash: md5
      md5: 63c449c6d58a35b63a00c0cda48a73ec
      size: 296625
    - path: 
        .calkit/notebooks/html/notebooks/for_generating_results/5_stochasticity.html
      hash: md5
      md5: 83565a77266780b900a885b6b625fdda
      size: 573420
  _clean-nb-aftermath:
    cmd: calkit nb clean "notebooks/for_generating_results/6_aftermath.ipynb"
    deps:
    - path: notebooks/for_generating_results/6_aftermath.ipynb
      hash: md5
      md5: 9d655db0d8eac43a522e51aca1180c00
      size: 2202176
    outs:
    - path: 
        .calkit/notebooks/cleaned/notebooks/for_generating_results/6_aftermath.ipynb
      hash: md5
      md5: bff6edc4f2d0a373df6bb12b0f5585c8
      size: 28924
  aftermath:
    cmd: calkit nb execute --environment main --no-check --to html 
      "notebooks/for_generating_results/6_aftermath.ipynb"
    deps:
    - path: 
        .calkit/notebooks/cleaned/notebooks/for_generating_results/6_aftermath.ipynb
      hash: md5
      md5: bff6edc4f2d0a373df6bb12b0f5585c8
      size: 28924
    - path: src
      hash: md5
      md5: c9e5d494e3e18efc2cb7964d5e3c8724.dir
      size: 52560
      nfiles: 20
    - path: uv.lock
      hash: md5
      md5: 22290e615ba613a687a87def94b859b3
      size: 208529
    outs:
    - path: 
        .calkit/notebooks/executed/notebooks/for_generating_results/6_aftermath.ipynb
      hash: md5
      md5: 7b44d3f5a1b2112eb68ce276bf6c1a32
      size: 2294997
    - path: 
        .calkit/notebooks/html/notebooks/for_generating_results/6_aftermath.html
      hash: md5
      md5: 99bba3435f7d2be836562ef7847e10aa
      size: 2627336
    - path: peer-review/myst/figures/aftermath-full.jpeg
      hash: md5
      md5: 44c250f5f58ab63cf506e8b314ccdeca
      size: 525049
  _clean-nb-rewards:
    cmd: calkit nb clean "notebooks/for_results/3-rewards.ipynb"
    deps:
    - path: notebooks/for_results/3-rewards.ipynb
      hash: md5
      md5: 53622d8e096ec983225da354731082b1
      size: 222157
    outs:
    - path: .calkit/notebooks/cleaned/notebooks/for_results/3-rewards.ipynb
      hash: md5
      md5: 4aa3eb1adc70cba4c3b2a9ad651d1cf6
      size: 7958
  rewards:
    cmd: calkit nb execute --environment for-results --no-check --to html 
      "notebooks/for_results/3-rewards.ipynb"
    deps:
    - path: .calkit/env-locks/for-results.txt
      hash: md5
      md5: 48d77317a55c16949681de99559a93ee
      size: 1424
    - path: .calkit/notebooks/cleaned/notebooks/for_results/3-rewards.ipynb
      hash: md5
      md5: 4aa3eb1adc70cba4c3b2a9ad651d1cf6
      size: 7958
    outs:
    - path: .calkit/notebooks/executed/notebooks/for_results/3-rewards.ipynb
      hash: md5
      md5: 41da7d65321f11ca7505284b4775ae38
      size: 229912
    - path: .calkit/notebooks/html/notebooks/for_results/3-rewards.html
      hash: md5
      md5: e7b0737ed9ecb2dfaa9564f3dd9f4a69
      size: 511160
    - path: notebooks/for_results/csv/rew-table.csv
      hash: md5
      md5: a41da8ce3e9a7865a40821a1cd2235ca
      size: 331
    - path: notebooks/for_results/figures/rewards.jpeg
      hash: md5
      md5: a6b31063f0838e910ef3951394611795
      size: 115327
  _clean-nb-policies:
    cmd: calkit nb clean "notebooks/for_results/4-policies.ipynb"
    deps:
    - path: notebooks/for_results/4-policies.ipynb
      hash: md5
      md5: a33316139edb566123cd50b5b5492bec
      size: 270573
    outs:
    - path: .calkit/notebooks/cleaned/notebooks/for_results/4-policies.ipynb
      hash: md5
      md5: c63b440d75ab13aae80f373b54ad690a
      size: 4277
  policies:
    cmd: calkit nb execute --environment for-results --no-check --to html 
      "notebooks/for_results/4-policies.ipynb"
    deps:
    - path: .calkit/env-locks/for-results.txt
      hash: md5
      md5: 48d77317a55c16949681de99559a93ee
      size: 1424
    - path: .calkit/notebooks/cleaned/notebooks/for_results/4-policies.ipynb
      hash: md5
      md5: c63b440d75ab13aae80f373b54ad690a
      size: 4277
    outs:
    - path: .calkit/notebooks/executed/notebooks/for_results/4-policies.ipynb
      hash: md5
      md5: 89d2a875d1d2f376e599cae627417aea
      size: 274232
    - path: .calkit/notebooks/html/notebooks/for_results/4-policies.html
      hash: md5
      md5: 321e56914fb07fd6420717d84578a1b2
      size: 549789
    - path: notebooks/for_results/figures/policies.jpeg
      hash: md5
      md5: 00ef8401d1ce053d818ba2ac5db97442
      size: 167138
  _clean-nb-episodes:
    cmd: calkit nb clean "notebooks/for_results/5-episodes.ipynb"
    deps:
    - path: notebooks/for_results/5-episodes.ipynb
      hash: md5
      md5: 2dace30dbada4e9fb676fd02b24f8be3
      size: 3028256
    outs:
    - path: .calkit/notebooks/cleaned/notebooks/for_results/5-episodes.ipynb
      hash: md5
      md5: 21e09ab9421577988d806ffdc4e24bcd
      size: 17571
  episodes:
    cmd: calkit nb execute --environment for-results --no-check --to html 
      "notebooks/for_results/5-episodes.ipynb"
    deps:
    - path: .calkit/env-locks/for-results.txt
      hash: md5
      md5: 48d77317a55c16949681de99559a93ee
      size: 1424
    - path: .calkit/notebooks/cleaned/notebooks/for_results/5-episodes.ipynb
      hash: md5
      md5: 21e09ab9421577988d806ffdc4e24bcd
      size: 17571
    outs:
    - path: .calkit/notebooks/executed/notebooks/for_results/5-episodes.ipynb
      hash: md5
      md5: f16abe141521c06a220269d18148cddb
      size: 3038073
    - path: .calkit/notebooks/html/notebooks/for_results/5-episodes.html
      hash: md5
      md5: edccde8099466ad1bffed1d7cd3ac7d9
      size: 3356290
    - path: notebooks/for_results/figures/eps-um1.jpeg
      hash: md5
      md5: a912e6dc37c800b9721267b5339215f8
      size: 449741
    - path: notebooks/for_results/figures/eps-um2.jpeg
      hash: md5
      md5: a1ae6b3bf933564da318b9aa69fcb448
      size: 471596
    - path: notebooks/for_results/figures/eps-um3-zoom.jpeg
      hash: md5
      md5: c0677d82ae479f64d722105012d5883e
      size: 433893
    - path: notebooks/for_results/figures/eps-um3.jpeg
      hash: md5
      md5: 1187ff1f0d89e4d06f0a97c860c1f00c
      size: 470309
  trail-rl-algos:
    cmd: calkit xenv -n main --no-check -- bash --noprofile --norc 
      scripts/train_rl_algos.sh
    deps:
    - path: hyperpars/for_results/ppo_biomass_UM1.yml
      hash: md5
      md5: 4301fa8d4aa9edea6ad3bbc6281f7580
      size: 905
    - path: hyperpars/for_results/ppo_biomass_UM2.yml
      hash: md5
      md5: 7c6b39ba8cd0db64bded12e8e47f3aff
      size: 907
    - path: hyperpars/for_results/ppo_biomass_UM3.yml
      hash: md5
      md5: 26a4f8c27e6b4a4fbe5027b55b3e292a
      size: 926
    - path: hyperpars/for_results/ppo_both_UM1.yml
      hash: md5
      md5: 3143f5c3462640003b70cc4d166ccf03
      size: 902
    - path: hyperpars/for_results/ppo_both_UM1_deep.yml
      hash: md5
      md5: 07759437f84c2af7f2f538354716239b
      size: 886
    - path: hyperpars/for_results/ppo_both_UM2.yml
      hash: md5
      md5: f242d6079feed2d5bf13d49624f44f0c
      size: 904
    - path: hyperpars/for_results/ppo_both_UM2_deep.yml
      hash: md5
      md5: a9e1d9577ee9bd132ee546bd7c5c08cf
      size: 888
    - path: hyperpars/for_results/ppo_both_UM3.yml
      hash: md5
      md5: 4b253538bccbb5dd856a12b5a13e1f4e
      size: 923
    - path: hyperpars/for_results/ppo_both_UM3_deep.yml
      hash: md5
      md5: 57e38b232765c10acf60ce64a7e0a3f5
      size: 885
    - path: scripts/train_rl_algos.sh
      hash: md5
      md5: a83c5d509ee367f2bef917a40019c1d2
      size: 860
    - path: src
      hash: md5
      md5: c9e5d494e3e18efc2cb7964d5e3c8724.dir
      size: 52560
      nfiles: 20
    - path: uv.lock
      hash: md5
      md5: 22290e615ba613a687a87def94b859b3
      size: 208529
    outs:
    - path: 
        saved_agents/results/PPO-AsmEnv-2obs-UM1-256-64-16-noise0.1-chkpnt1.zip
      hash: md5
      md5: 02d74895ee9de0829f9783a2287613db
      size: 475541
    - path: 
        saved_agents/results/PPO-AsmEnv-2obs-UM1-256-64-16-noise0.1-chkpnt2.zip
      hash: md5
      md5: 5f03cbb4554f71a583753adf10345481
      size: 475541
    - path: 
        saved_agents/results/PPO-AsmEnv-2obs-UM1-256-64-16-noise0.1-chkpnt3.zip
      hash: md5
      md5: edffd6eb9ff6ce5541276945a88dfc3e
      size: 475541
    - path: 
        saved_agents/results/PPO-AsmEnv-2obs-UM1-256-64-16-noise0.1-chkpnt4.zip
      hash: md5
      md5: 589d42fafaedd0e0f5d763bcc52f004e
      size: 475541
    - path: 
        saved_agents/results/PPO-AsmEnv-2obs-UM1-64-32-16-noise0.1-chkpnt1.zip
      hash: md5
      md5: 9c28fb40a96c3fc2b3f4fa935a357d40
      size: 104468
    - path: 
        saved_agents/results/PPO-AsmEnv-2obs-UM1-64-32-16-noise0.1-chkpnt2.zip
      hash: md5
      md5: ddc30519fab7c175f3c135400779bd3f
      size: 104468
    - path: 
        saved_agents/results/PPO-AsmEnv-2obs-UM1-64-32-16-noise0.1-chkpnt3.zip
      hash: md5
      md5: 8dc193a7a7e40260a120514c386595f9
      size: 104468
    - path: 
        saved_agents/results/PPO-AsmEnv-2obs-UM1-64-32-16-noise0.1-chkpnt4.zip
      hash: md5
      md5: b8edd085ce85e97e3b45c057eabecb03
      size: 104468
    - path: 
        saved_agents/results/PPO-AsmEnv-2obs-UM2-256-64-16-noise0.1-chkpnt1.zip
      hash: md5
      md5: ca59aa7ea1a63dc16c6f49c89f9bdf19
      size: 475541
    - path: 
        saved_agents/results/PPO-AsmEnv-2obs-UM2-256-64-16-noise0.1-chkpnt2.zip
      hash: md5
      md5: 34dc2b4da86d9c272741dd2f575b5123
      size: 475541
    - path: 
        saved_agents/results/PPO-AsmEnv-2obs-UM2-256-64-16-noise0.1-chkpnt3.zip
      hash: md5
      md5: 9b4238eaca6d24f4b00716633c8d54fe
      size: 475541
    - path: 
        saved_agents/results/PPO-AsmEnv-2obs-UM2-256-64-16-noise0.1-chkpnt4.zip
      hash: md5
      md5: 0ca3ee00670e0409dd48d11f9962cd3c
      size: 475541
    - path: 
        saved_agents/results/PPO-AsmEnv-2obs-UM2-64-32-16-noise0.1-chkpnt1.zip
      hash: md5
      md5: 4777f1a0bb327288252f27b36be872b1
      size: 104468
    - path: 
        saved_agents/results/PPO-AsmEnv-2obs-UM2-64-32-16-noise0.1-chkpnt2.zip
      hash: md5
      md5: 3b7a8ba7550ce1f80902fb22c72a470d
      size: 104468
    - path: 
        saved_agents/results/PPO-AsmEnv-2obs-UM2-64-32-16-noise0.1-chkpnt3.zip
      hash: md5
      md5: 2cd70066796abc3f201e7db37ae0ec9f
      size: 104468
    - path: 
        saved_agents/results/PPO-AsmEnv-2obs-UM2-64-32-16-noise0.1-chkpnt4.zip
      hash: md5
      md5: bef968ee09bf80b58c09fdff6a24d957
      size: 104468
    - path: 
        saved_agents/results/PPO-AsmEnv-2obs-UM3-256-64-16-noise0.1-chkpnt1.zip
      hash: md5
      md5: cff3a4f7bf8aa43d0e2869a0d9a24cdd
      size: 475541
    - path: 
        saved_agents/results/PPO-AsmEnv-2obs-UM3-256-64-16-noise0.1-chkpnt2.zip
      hash: md5
      md5: 83527cb44f2d8178d00fe9eec8a3c89f
      size: 475541
    - path: 
        saved_agents/results/PPO-AsmEnv-2obs-UM3-256-64-16-noise0.1-chkpnt3.zip
      hash: md5
      md5: bf4e7c95f5463d469683b5f8a12b17eb
      size: 475541
    - path: 
        saved_agents/results/PPO-AsmEnv-2obs-UM3-256-64-16-noise0.1-chkpnt4.zip
      hash: md5
      md5: bd664b83dca930dbfe14ca54b774be0f
      size: 475541
    - path: 
        saved_agents/results/PPO-AsmEnv-2obs-UM3-64-32-16-noise0.1-chkpnt1.zip
      hash: md5
      md5: 13fc35f0270a3a032aeab51d098829d6
      size: 104468
    - path: 
        saved_agents/results/PPO-AsmEnv-2obs-UM3-64-32-16-noise0.1-chkpnt2.zip
      hash: md5
      md5: 8200d17cfe1cc27cfa60d43bceedf251
      size: 104468
    - path: 
        saved_agents/results/PPO-AsmEnv-2obs-UM3-64-32-16-noise0.1-chkpnt3.zip
      hash: md5
      md5: b39c853d9a11b2d1fad76650bbb1407d
      size: 104468
    - path: 
        saved_agents/results/PPO-AsmEnv-2obs-UM3-64-32-16-noise0.1-chkpnt4.zip
      hash: md5
      md5: fd2f5da30becaf8cd53f2caf94a75e53
      size: 104468
    - path: 
        saved_agents/results/PPO-AsmEnv-biomass-UM1-64-32-16-noise0.1-chkpnt1.zip
      hash: md5
      md5: bee4234af8cd71b2414ee6ac7aab4869
      size: 102833
    - path: 
        saved_agents/results/PPO-AsmEnv-biomass-UM1-64-32-16-noise0.1-chkpnt2.zip
      hash: md5
      md5: a3cb35ccefb729a59c347ce41d0c8ab6
      size: 102833
    - path: 
        saved_agents/results/PPO-AsmEnv-biomass-UM1-64-32-16-noise0.1-chkpnt3.zip
      hash: md5
      md5: 0bfaaf52f0d673e777761f0414d8016c
      size: 102833
    - path: 
        saved_agents/results/PPO-AsmEnv-biomass-UM1-64-32-16-noise0.1-chkpnt4.zip
      hash: md5
      md5: 666f235f2822b748c83ac5bc8188f122
      size: 102833
    - path: 
        saved_agents/results/PPO-AsmEnv-biomass-UM2-64-32-16-noise0.1-chkpnt1.zip
      hash: md5
      md5: 066cb6ab390a3de164cbdb612e7683ef
      size: 102833
    - path: 
        saved_agents/results/PPO-AsmEnv-biomass-UM2-64-32-16-noise0.1-chkpnt2.zip
      hash: md5
      md5: cadd445ba01a0883288edf3ef762c316
      size: 102833
    - path: 
        saved_agents/results/PPO-AsmEnv-biomass-UM2-64-32-16-noise0.1-chkpnt3.zip
      hash: md5
      md5: b7f44414b9d6ae9281b48b18df30758a
      size: 102833
    - path: 
        saved_agents/results/PPO-AsmEnv-biomass-UM2-64-32-16-noise0.1-chkpnt4.zip
      hash: md5
      md5: a3b92b1c43d20a08aade07405c9e6fcd
      size: 102833
    - path: 
        saved_agents/results/PPO-AsmEnv-biomass-UM3-64-32-16-noise0.1-chkpnt1.zip
      hash: md5
      md5: 28db11c4c78fe0a21e0b405f298f85f6
      size: 102833
    - path: 
        saved_agents/results/PPO-AsmEnv-biomass-UM3-64-32-16-noise0.1-chkpnt2.zip
      hash: md5
      md5: dea040767360405963f4965d2187e750
      size: 102833
    - path: 
        saved_agents/results/PPO-AsmEnv-biomass-UM3-64-32-16-noise0.1-chkpnt3.zip
      hash: md5
      md5: ffd8d262db8006c9444ea49fb7aa0f68
      size: 102833
    - path: 
        saved_agents/results/PPO-AsmEnv-biomass-UM3-64-32-16-noise0.1-chkpnt4.zip
      hash: md5
      md5: fc3f705bd03acd60568fa853cc005a75
      size: 102833
  tune-fixed-policies:
    cmd: calkit xenv -n main --no-check -- bash --noprofile --norc 
      scripts/tune_fixed_policies.sh
    deps:
    - path: hyperpars/for_results/fixed_policy_UM1.yml
      hash: md5
      md5: 3a6296263065a8236c4ddba1574a4dfb
      size: 152
    - path: hyperpars/for_results/fixed_policy_UM2.yml
      hash: md5
      md5: c0194e71037b668c09118729763cc2d5
      size: 154
    - path: hyperpars/for_results/fixed_policy_UM3.yml
      hash: md5
      md5: ed1663a9cad892771136d983360dfce0
      size: 179
    - path: scripts/tune_fixed_policies.sh
      hash: md5
      md5: c44c8909064315069ee0bb198b2589f8
      size: 418
    - path: src
      hash: md5
      md5: c9e5d494e3e18efc2cb7964d5e3c8724.dir
      size: 52560
      nfiles: 20
    - path: uv.lock
      hash: md5
      md5: 22290e615ba613a687a87def94b859b3
      size: 208529
    outs:
    - path: saved_agents/results/cr-UM1-noise01.pkl
      hash: md5
      md5: dc720d41a007cd6d9cd9892fb0d7e699
      size: 2360291
    - path: saved_agents/results/msy-UM1-noise01.pkl
      hash: md5
      md5: fae73cacd9b44973ab6cb51e4d6c1a26
      size: 2302488
